
Microsoft Visual Studio Solution File, Format Version 12.00
# Visual Studio Version 16
VisualStudioVersion = 16.0.34301.259
MinimumVisualStudioVersion = 10.0.40219.1
Project("{8BC9CEB8-8B4A-11D0-8D11-00A0C91BC942}") = "2024-11-4", "2024-11-4.vcxproj", "{0D3A4DB5-3339-437C-AB72-F0263378F3BD}"
EndProject
Global
	GlobalSection(SolutionConfigurationPlatforms) = preSolution
		Debug|x64 = Debug|x64
		Debug|x86 = Debug|x86
		Release|x64 = Release|x64
		Release|x86 = Release|x86
	EndGlobalSection
	GlobalSection(ProjectConfigurationPlatforms) = postSolution
		{0D3A4DB5-3339-437C-AB72-F0263378F3BD}.Debug|x64.ActiveCfg = Debug|x64
		{0D3A4DB5-3339-437C-AB72-F0263378F3BD}.Debug|x64.Build.0 = Debug|x64
		{0D3A4DB5-3339-437C-AB72-F0263378F3BD}.Debug|x86.ActiveCfg = Debug|Win32
		{0D3A4DB5-3339-437C-AB72-F0263378F3BD}.Debug|x86.Build.0 = Debug|Win32
		{0D3A4DB5-3339-437C-AB72-F0263378F3BD}.Release|x64.ActiveCfg = Release|x64
		{0D3A4DB5-3339-437C-AB72-F0263378F3BD}.Release|x64.Build.0 = Release|x64
		{0D3A4DB5-3339-437C-AB72-F0263378F3BD}.Release|x86.ActiveCfg = Release|Win32
		{0D3A4DB5-3339-437C-AB72-F0263378F3BD}.Release|x86.Build.0 = Release|Win32
	EndGlobalSection
	GlobalSection(SolutionProperties) = preSolution
		HideSolutionNode = FALSE
	EndGlobalSection
	GlobalSection(ExtensibilityGlobals) = postSolution
		SolutionGuid = {194DE22B-C8DD-4BC8-A91C-56AF40A13B89}
	EndGlobalSection
EndGlobal
