
Microsoft Visual Studio Solution File, Format Version 12.00
# Visual Studio Version 16
VisualStudioVersion = 16.0.34301.259
MinimumVisualStudioVersion = 10.0.40219.1
Project("{8BC9CEB8-8B4A-11D0-8D11-00A0C91BC942}") = "BinaryTree", "BinaryTree\BinaryTree.vcxproj", "{64EFC582-E3ED-4958-B495-AAB39E61F7D3}"
EndProject
Global
	GlobalSection(SolutionConfigurationPlatforms) = preSolution
		Debug|x64 = Debug|x64
		Debug|x86 = Debug|x86
		Release|x64 = Release|x64
		Release|x86 = Release|x86
	EndGlobalSection
	GlobalSection(ProjectConfigurationPlatforms) = postSolution
		{64EFC582-E3ED-4958-B495-AAB39E61F7D3}.Debug|x64.ActiveCfg = Debug|x64
		{64EFC582-E3ED-4958-B495-AAB39E61F7D3}.Debug|x64.Build.0 = Debug|x64
		{64EFC582-E3ED-4958-B495-AAB39E61F7D3}.Debug|x86.ActiveCfg = Debug|Win32
		{64EFC582-E3ED-4958-B495-AAB39E61F7D3}.Debug|x86.Build.0 = Debug|Win32
		{64EFC582-E3ED-4958-B495-AAB39E61F7D3}.Release|x64.ActiveCfg = Release|x64
		{64EFC582-E3ED-4958-B495-AAB39E61F7D3}.Release|x64.Build.0 = Release|x64
		{64EFC582-E3ED-4958-B495-AAB39E61F7D3}.Release|x86.ActiveCfg = Release|Win32
		{64EFC582-E3ED-4958-B495-AAB39E61F7D3}.Release|x86.Build.0 = Release|Win32
	EndGlobalSection
	GlobalSection(SolutionProperties) = preSolution
		HideSolutionNode = FALSE
	EndGlobalSection
	GlobalSection(ExtensibilityGlobals) = postSolution
		SolutionGuid = {67500FC2-8CB2-48F8-A848-061B4E3380AF}
	EndGlobalSection
EndGlobal
